
Microsoft Visual Studio Solution File, Format Version 12.00
# Visual Studio Version 17
VisualStudioVersion = 17.5.33627.172
MinimumVisualStudioVersion = 10.0.40219.1
Project("{FAE04EC0-301F-11D3-BF4B-00C04F79EFBC}") = "MediaPlayerEr", "MediaPlayerEr\MediaPlayerEr.csproj", "{CEFAA716-6F50-4895-AE8B-BE0D8804016B}"
EndProject
Global
	GlobalSection(SolutionConfigurationPlatforms) = preSolution
		Debug|Any CPU = Debug|Any CPU
		Release|Any CPU = Release|Any CPU
	EndGlobalSection
	GlobalSection(ProjectConfigurationPlatforms) = postSolution
		{CEFAA716-6F50-4895-AE8B-BE0D8804016B}.Debug|Any CPU.ActiveCfg = Debug|Any CPU
		{CEFAA716-6F50-4895-AE8B-BE0D8804016B}.Debug|Any CPU.Build.0 = Debug|Any CPU
		{CEFAA716-6F50-4895-AE8B-BE0D8804016B}.Release|Any CPU.ActiveCfg = Release|Any CPU
		{CEFAA716-6F50-4895-AE8B-BE0D8804016B}.Release|Any CPU.Build.0 = Release|Any CPU
	EndGlobalSection
	GlobalSection(SolutionProperties) = preSolution
		HideSolutionNode = FALSE
	EndGlobalSection
	GlobalSection(ExtensibilityGlobals) = postSolution
		SolutionGuid = {D64BCED3-F0CA-4441-B008-DB2779A08A02}
	EndGlobalSection
EndGlobal
